
Microsoft Visual Studio Solution File, Format Version 12.00
# Visual Studio Version 17
VisualStudioVersion = 17.3.32825.248
MinimumVisualStudioVersion = 10.0.40219.1
Project("{FAE04EC0-301F-11D3-BF4B-00C04F79EFBC}") = "ItSenseApi", "ItSenseApi.csproj", "{7DF996D4-0AA1-4053-B6D7-DE5FBB2E2402}"
EndProject
Project("{FAE04EC0-301F-11D3-BF4B-00C04F79EFBC}") = "BLL", "..\BLL\BLL.csproj", "{55C67489-FF03-49A7-9983-20AFAA7E1038}"
EndProject
Project("{FAE04EC0-301F-11D3-BF4B-00C04F79EFBC}") = "DAL", "..\DAL\DAL.csproj", "{435CDAAF-6BC2-4351-AC13-BB46435C9DCD}"
EndProject
Global
	GlobalSection(SolutionConfigurationPlatforms) = preSolution
		Debug|Any CPU = Debug|Any CPU
		Release|Any CPU = Release|Any CPU
	EndGlobalSection
	GlobalSection(ProjectConfigurationPlatforms) = postSolution
		{7DF996D4-0AA1-4053-B6D7-DE5FBB2E2402}.Debug|Any CPU.ActiveCfg = Debug|Any CPU
		{7DF996D4-0AA1-4053-B6D7-DE5FBB2E2402}.Debug|Any CPU.Build.0 = Debug|Any CPU
		{7DF996D4-0AA1-4053-B6D7-DE5FBB2E2402}.Release|Any CPU.ActiveCfg = Release|Any CPU
		{7DF996D4-0AA1-4053-B6D7-DE5FBB2E2402}.Release|Any CPU.Build.0 = Release|Any CPU
		{55C67489-FF03-49A7-9983-20AFAA7E1038}.Debug|Any CPU.ActiveCfg = Debug|Any CPU
		{55C67489-FF03-49A7-9983-20AFAA7E1038}.Debug|Any CPU.Build.0 = Debug|Any CPU
		{55C67489-FF03-49A7-9983-20AFAA7E1038}.Release|Any CPU.ActiveCfg = Release|Any CPU
		{55C67489-FF03-49A7-9983-20AFAA7E1038}.Release|Any CPU.Build.0 = Release|Any CPU
		{435CDAAF-6BC2-4351-AC13-BB46435C9DCD}.Debug|Any CPU.ActiveCfg = Debug|Any CPU
		{435CDAAF-6BC2-4351-AC13-BB46435C9DCD}.Debug|Any CPU.Build.0 = Debug|Any CPU
		{435CDAAF-6BC2-4351-AC13-BB46435C9DCD}.Release|Any CPU.ActiveCfg = Release|Any CPU
		{435CDAAF-6BC2-4351-AC13-BB46435C9DCD}.Release|Any CPU.Build.0 = Release|Any CPU
	EndGlobalSection
	GlobalSection(SolutionProperties) = preSolution
		HideSolutionNode = FALSE
	EndGlobalSection
	GlobalSection(ExtensibilityGlobals) = postSolution
		SolutionGuid = {CC0E5925-32BB-4133-B322-2B878160A087}
	EndGlobalSection
EndGlobal
